
Microsoft Visual Studio Solution File, Format Version 12.00
# Visual Studio 14
VisualStudioVersion = 14.0.23107.0
MinimumVisualStudioVersion = 10.0.40219.1
Project("{FAE04EC0-301F-11D3-BF4B-00C04F79EFBC}") = "WorkFlowTracker", "WorkFlowTracker\WorkFlowTracker.csproj", "{E377C3DA-2B97-4177-83FA-186E9AB2D8D7}"
EndProject
Project("{FAE04EC0-301F-11D3-BF4B-00C04F79EFBC}") = "Data", "Data\Data.csproj", "{6AC6617D-3B4C-4B0B-9DFC-209EDD9D4143}"
EndProject
Project("{FAE04EC0-301F-11D3-BF4B-00C04F79EFBC}") = "EntityLayer", "EntityLayer\EntityLayer.csproj", "{D56EA5D3-23C5-4A5B-ADAD-486A5A9E4EA5}"
EndProject
Global
	GlobalSection(SolutionConfigurationPlatforms) = preSolution
		Debug|Any CPU = Debug|Any CPU
		Release|Any CPU = Release|Any CPU
	EndGlobalSection
	GlobalSection(ProjectConfigurationPlatforms) = postSolution
		{E377C3DA-2B97-4177-83FA-186E9AB2D8D7}.Debug|Any CPU.ActiveCfg = Debug|Any CPU
		{E377C3DA-2B97-4177-83FA-186E9AB2D8D7}.Debug|Any CPU.Build.0 = Debug|Any CPU
		{E377C3DA-2B97-4177-83FA-186E9AB2D8D7}.Release|Any CPU.ActiveCfg = Release|Any CPU
		{E377C3DA-2B97-4177-83FA-186E9AB2D8D7}.Release|Any CPU.Build.0 = Release|Any CPU
		{6AC6617D-3B4C-4B0B-9DFC-209EDD9D4143}.Debug|Any CPU.ActiveCfg = Debug|Any CPU
		{6AC6617D-3B4C-4B0B-9DFC-209EDD9D4143}.Debug|Any CPU.Build.0 = Debug|Any CPU
		{6AC6617D-3B4C-4B0B-9DFC-209EDD9D4143}.Release|Any CPU.ActiveCfg = Release|Any CPU
		{6AC6617D-3B4C-4B0B-9DFC-209EDD9D4143}.Release|Any CPU.Build.0 = Release|Any CPU
		{D56EA5D3-23C5-4A5B-ADAD-486A5A9E4EA5}.Debug|Any CPU.ActiveCfg = Debug|Any CPU
		{D56EA5D3-23C5-4A5B-ADAD-486A5A9E4EA5}.Debug|Any CPU.Build.0 = Debug|Any CPU
		{D56EA5D3-23C5-4A5B-ADAD-486A5A9E4EA5}.Release|Any CPU.ActiveCfg = Release|Any CPU
		{D56EA5D3-23C5-4A5B-ADAD-486A5A9E4EA5}.Release|Any CPU.Build.0 = Release|Any CPU
	EndGlobalSection
	GlobalSection(SolutionProperties) = preSolution
		HideSolutionNode = FALSE
	EndGlobalSection
EndGlobal
